<?xml version="1.0" encoding="utf-8"?>
<Project ToolsVersion="4.0" xmlns="http://schemas.microsoft.com/developer/msbuild/2003">
  <ItemGroup>
    <ClInclude Include="AudioGraph.h" />
    <ClInclude Include="CAudioGraphFactory.h" />
    <ClInclude Include="QueryInterface.h" />
    <ClInclude Include="CDXAudioDuplexStream.h">
      <Filter>DXAudio</Filter>
    </ClInclude>
    <ClInclude Include="CDXAudioEchoStream.h">
      <Filter>DXAudio</Filter>
    </ClInclude>
    <ClInclude Include="CDXAudioInputStream.h">
      <Filter>DXAudio</Filter>
    </ClInclude>
    <ClInclude Include="CDXAudioLoopbackStream.h">
      <Filter>DXAudio</Filter>
    </ClInclude>
    <ClInclude Include="CDXAudioOutputStream.h">
      <Filter>DXAudio</Filter>
    </ClInclude>
    <ClInclude Include="CDXAudioResampler.h">
      <Filter>DXAudio</Filter>
    </ClInclude>
    <ClInclude Include="CDXAudioStream.h">
      <Filter>DXAudio</Filter>
    </ClInclude>
    <ClInclude Include="ClientReader.h">
      <Filter>DXAudio</Filter>
    </ClInclude>
    <ClInclude Include="ClientWriter.h">
      <Filter>DXAudio</Filter>
    </ClInclude>
    <ClInclude Include="CMMNotificationClient.h">
      <Filter>DXAudio</Filter>
    </ClInclude>
    <ClInclude Include="CMMNotificationClientListener.h">
      <Filter>DXAudio</Filter>
    </ClInclude>
    <ClInclude Include="DXAudio.h">
      <Filter>DXAudio</Filter>
    </ClInclude>
    <ClInclude Include="DXAudioResampler.h">
      <Filter>DXAudio</Filter>
    </ClInclude>
    <ClInclude Include="CDXAudioWriteCallback.h" />
    <ClInclude Include="CAudioGraphFile.h" />
    <ClInclude Include="CAudioGraph.h" />
  </ItemGroup>
  <ItemGroup>
    <ClCompile Include="AudioGraph.cpp" />
    <ClCompile Include="CAudioGraphFactory.cpp" />
    <ClCompile Include="CDXAudioDuplexStream.cpp">
      <Filter>DXAudio</Filter>
    </ClCompile>
    <ClCompile Include="CDXAudioEchoStream.cpp">
      <Filter>DXAudio</Filter>
    </ClCompile>
    <ClCompile Include="CDXAudioInputStream.cpp">
      <Filter>DXAudio</Filter>
    </ClCompile>
    <ClCompile Include="CDXAudioLoopbackStream.cpp">
      <Filter>DXAudio</Filter>
    </ClCompile>
    <ClCompile Include="CDXAudioOutputStream.cpp">
      <Filter>DXAudio</Filter>
    </ClCompile>
    <ClCompile Include="CDXAudioResampler.cpp">
      <Filter>DXAudio</Filter>
    </ClCompile>
    <ClCompile Include="CDXAudioStream.cpp">
      <Filter>DXAudio</Filter>
    </ClCompile>
    <ClCompile Include="ClientReader.cpp">
      <Filter>DXAudio</Filter>
    </ClCompile>
    <ClCompile Include="ClientWriter.cpp">
      <Filter>DXAudio</Filter>
    </ClCompile>
    <ClCompile Include="CMMNotificationClient.cpp">
      <Filter>DXAudio</Filter>
    </ClCompile>
    <ClCompile Include="DXAudio.cpp">
      <Filter>DXAudio</Filter>
    </ClCompile>
    <ClCompile Include="DXAudioResampler.cpp">
      <Filter>DXAudio</Filter>
    </ClCompile>
    <ClCompile Include="CDXAudioWriteCallback.cpp" />
    <ClCompile Include="CAudioGraphFile.cpp" />
  </ItemGroup>
  <ItemGroup>
    <Filter Include="DXAudio">
      <UniqueIdentifier>{7ccf8bc5-149a-4a28-b0d8-1fd3c5bbb1ea}</UniqueIdentifier>
    </Filter>
  </ItemGroup>
</Project>